{
  "version": 4,
  "terraform_version": "1.0.3",
  "serial": 23,
  "lineage": "0052046d-482e-ca4e-eced-61748e68e214",
  "outputs": {},
  "resources": [
    {
      "mode": "managed",
      "type": "google_compute_network",
      "name": "vpc",
      "provider": "provider[\"registry.terraform.io/hashicorp/google\"]",
      "instances": [
        {
          "schema_version": 0,
          "attributes": {
            "auto_create_subnetworks": false,
            "delete_default_routes_on_create": false,
            "description": "",
            "enable_ula_internal_ipv6": false,
            "gateway_ipv4": "",
            "id": "projects/liatrio-takehome1/global/networks/liatrio-takehome1-vpc",
            "internal_ipv6_range": "",
            "mtu": 0,
            "name": "liatrio-takehome1-vpc",
            "network_firewall_policy_enforcement_order": "AFTER_CLASSIC_FIREWALL",
            "project": "liatrio-takehome1",
            "routing_mode": "REGIONAL",
            "self_link": "https://www.googleapis.com/compute/v1/projects/liatrio-takehome1/global/networks/liatrio-takehome1-vpc",
            "timeouts": null
          },
          "sensitive_attributes": [],
          "private": "eyJlMmJmYjczMC1lY2FhLTExZTYtOGY4OC0zNDM2M2JjN2M0YzAiOnsiY3JlYXRlIjoxMjAwMDAwMDAwMDAwLCJkZWxldGUiOjEyMDAwMDAwMDAwMDAsInVwZGF0ZSI6MTIwMDAwMDAwMDAwMH19"
        }
      ]
    },
    {
      "mode": "managed",
      "type": "google_compute_subnetwork",
      "name": "subnet",
      "provider": "provider[\"registry.terraform.io/hashicorp/google\"]",
      "instances": [
        {
          "schema_version": 0,
          "attributes": {
            "creation_timestamp": "2023-04-13T16:51:33.238-07:00",
            "description": "",
            "external_ipv6_prefix": "",
            "fingerprint": null,
            "gateway_address": "10.10.0.1",
            "id": "projects/liatrio-takehome1/regions/us-east1/subnetworks/liatrio-takehome1-subnet",
            "ip_cidr_range": "10.10.0.0/24",
            "ipv6_access_type": "",
            "ipv6_cidr_range": "",
            "log_config": [],
            "name": "liatrio-takehome1-subnet",
            "network": "https://www.googleapis.com/compute/v1/projects/liatrio-takehome1/global/networks/liatrio-takehome1-vpc",
            "private_ip_google_access": false,
            "private_ipv6_google_access": "DISABLE_GOOGLE_ACCESS",
            "project": "liatrio-takehome1",
            "purpose": "PRIVATE",
            "region": "us-east1",
            "role": "",
            "secondary_ip_range": [],
            "self_link": "https://www.googleapis.com/compute/v1/projects/liatrio-takehome1/regions/us-east1/subnetworks/liatrio-takehome1-subnet",
            "stack_type": "IPV4_ONLY",
            "timeouts": null
          },
          "sensitive_attributes": [],
          "private": "eyJlMmJmYjczMC1lY2FhLTExZTYtOGY4OC0zNDM2M2JjN2M0YzAiOnsiY3JlYXRlIjoxMjAwMDAwMDAwMDAwLCJkZWxldGUiOjEyMDAwMDAwMDAwMDAsInVwZGF0ZSI6MTIwMDAwMDAwMDAwMH19",
          "dependencies": [
            "google_compute_network.vpc"
          ]
        }
      ]
    },
    {
      "mode": "managed",
      "type": "google_container_cluster",
      "name": "primary",
      "provider": "provider[\"registry.terraform.io/hashicorp/google\"]",
      "instances": [
        {
          "schema_version": 1,
          "attributes": {
            "addons_config": [
              {
                "cloudrun_config": [],
                "config_connector_config": [],
                "dns_cache_config": [],
                "gce_persistent_disk_csi_driver_config": [
                  {
                    "enabled": true
                  }
                ],
                "gcp_filestore_csi_driver_config": [],
                "gke_backup_agent_config": [],
                "horizontal_pod_autoscaling": [],
                "http_load_balancing": [],
                "network_policy_config": [
                  {
                    "disabled": true
                  }
                ]
              }
            ],
            "authenticator_groups_config": [],
            "binary_authorization": [
              {
                "enabled": false,
                "evaluation_mode": ""
              }
            ],
            "cluster_autoscaling": [
              {
                "auto_provisioning_defaults": [],
                "enabled": false,
                "resource_limits": []
              }
            ],
            "cluster_ipv4_cidr": "10.68.0.0/14",
            "confidential_nodes": [],
            "cost_management_config": [],
            "database_encryption": [
              {
                "key_name": "",
                "state": "DECRYPTED"
              }
            ],
            "datapath_provider": "",
            "default_max_pods_per_node": null,
            "default_snat_status": [
              {
                "disabled": false
              }
            ],
            "description": "",
            "dns_config": [],
            "enable_autopilot": false,
            "enable_binary_authorization": false,
            "enable_intranode_visibility": false,
            "enable_kubernetes_alpha": false,
            "enable_l4_ilb_subsetting": false,
            "enable_legacy_abac": false,
            "enable_shielded_nodes": true,
            "enable_tpu": false,
            "endpoint": "34.23.16.191",
            "gateway_api_config": [],
            "id": "projects/liatrio-takehome1/locations/us-east1/clusters/liatrio-takehome1-gke",
            "initial_node_count": 1,
            "ip_allocation_policy": [],
            "label_fingerprint": "a9dc16a7",
            "location": "us-east1",
            "logging_config": [
              {
                "enable_components": [
                  "SYSTEM_COMPONENTS",
                  "WORKLOADS"
                ]
              }
            ],
            "logging_service": "logging.googleapis.com/kubernetes",
            "maintenance_policy": [],
            "master_auth": [
              {
                "client_certificate": "",
                "client_certificate_config": [
                  {
                    "issue_client_certificate": false
                  }
                ],
                "client_key": "",
                "cluster_ca_certificate": "LS0tLS1CRUdJTiBDRVJUSUZJQ0FURS0tLS0tCk1JSUVMVENDQXBXZ0F3SUJBZ0lSQUpNWWpXMjh0VDl2RWliZnhvajNSOHd3RFFZSktvWklodmNOQVFFTEJRQXcKTHpFdE1Dc0dBMVVFQXhNa1pqTmhNekl5T0RFdFptUmpaaTAwWTJFM0xUZzBNell0WTJaaU5EbGhZekJoWVRZegpNQ0FYRFRJek1EUXhNekl5TlRNeE1Wb1lEekl3TlRNd05EQTFNak0xTXpFeFdqQXZNUzB3S3dZRFZRUURFeVJtCk0yRXpNakk0TVMxbVpHTm1MVFJqWVRjdE9EUXpOaTFqWm1JME9XRmpNR0ZoTmpNd2dnR2lNQTBHQ1NxR1NJYjMKRFFFQkFRVUFBNElCandBd2dnR0tBb0lCZ1FEZTU0cGkrM1Y2L01XK1ErV1h6WjdaM3VoWEdIUURHSGdjWGtsOApLV2Q0clY0T29aN1BCUVYxU0txRERlQVVqRUZrOE5TZkVIc1dCbDBUWEhVTy8wQzBPQk4rcC8xdDRqZWRFU2NUCk1RZExEV25mYlllbm5pZXZwR2JlZmxIN3h1WUdXRGN2YVJ3dlVUbmtxdHFUdHZUQkkvYUVRdGYxWUQ2OFp1eHoKWkdhcE43cFlsQVRRVzUxb0ZhL1FDcmQ2U2prS1lJZzdodmpPR1l0eER6SEc2SGw2UUJ1WDA3RzV4VFlKdWdTSwo2citwRkp5WnJvRDFsUk9kekRKbkE0SnJ1YkhDME55cFNJUnZtQkZTeG1EZWY3OE9OU0E0REUzZWI3alIyN0xnCklnM3RPS1JFZFpwSHZTbmZFQW10dGZmRnJUKytvcngxOUhCdXpVS0MwN3ZobDVtcHRGK1hFV3RFdWVZTEtUMUwKcTVhWnFYeWFNNjUrNW1ybnJSbWZFUEVrV2NveDZySjk3M3k4WUpnM1JFQ1BqdTN5Q1hSSmt2dWRtWHZpd2JKdwpKVXJuRmFYTTQ2WHdnMW1VVmIzQTdkWkwyZFJpUUhsaElaVmxFZzB3aHovQU9EazJxZVc5OVE1Z2hpSVoya2N1CnRXNWdVb1NJQzNHdDFldGpjem1RQ0t4aVRya0NBd0VBQWFOQ01FQXdEZ1lEVlIwUEFRSC9CQVFEQWdJRU1BOEcKQTFVZEV3RUIvd1FGTUFNQkFmOHdIUVlEVlIwT0JCWUVGSmNwU2VRQVRGNU1kSUpNZVVTZ2JtaThCSGdjTUEwRwpDU3FHU0liM0RRRUJDd1VBQTRJQmdRQmR3TTBEU0E4MHgyZ1RpbHBzbURJcW9XKzg1VGxDYWp5eEhlcTRuNjZhCndxcmhreG91TDM4M3lyd1ErSldGU2tPalZBdkdSbmtDUklSeEdWZTZaWTAwWm4xdWl2aWtlNUE3Rk4zSFdyWS8KQWdsNFR3YUViZVVPRUR2TWNXWDU4TUdGQ3dodzlDYURLb3ZJN2syekRIQ0VzRlVvcjE3a3V2NjB5eXBQNTN6UApDOGwyNyt5ZC9EMnJGbnBPWmF6RE5qYmx5U1NUTWN2K0lZQ3lYTVlIbzEyT0h2OWg3bXI5OForRlZSVVRPMlQ3CkI1cFFFS2JQYnlveGxqVXBOV3ZCSHovRG5pa1l5eFBXYkx6amg3N1RhaCtSc25XcFNuS0o1VUFvTlpxeXl6S08Kd1RkRkx2ZmpST0dBejlLaXp3OUZwVjVzTkdVdFdreHJ3dDlNdTFzWUpnSHNrL2ozUGFsQm1oY0ZYT1h3a0RONwp6WVVWUTQ1Vi9ka3lUNDFUL01rTWo3T2RPbTRoM1dxTituaHJOS1JTTm4xWGswUEw0MVhnYnhFa1E2bEYzRS9KCnZDTTRUdTNyaENzdHdKZ1ZoNmF2akdsYlllTEdaSGo4dUh3YXJuZFJOV1hqNEpPWGR0cGhsV2gyZGZUWmlFQTgKWVNJWkN3c0FrT2VvTnZteVNLMjhjU009Ci0tLS0tRU5EIENFUlRJRklDQVRFLS0tLS0K"
              }
            ],
            "master_authorized_networks_config": [],
            "master_version": "1.24.10-gke.2300",
            "mesh_certificates": [],
            "min_master_version": null,
            "monitoring_config": [
              {
                "enable_components": [
                  "SYSTEM_COMPONENTS"
                ],
                "managed_prometheus": []
              }
            ],
            "monitoring_service": "monitoring.googleapis.com/kubernetes",
            "name": "liatrio-takehome1-gke",
            "network": "projects/liatrio-takehome1/global/networks/liatrio-takehome1-vpc",
            "network_policy": [
              {
                "enabled": false,
                "provider": "PROVIDER_UNSPECIFIED"
              }
            ],
            "networking_mode": "ROUTES",
            "node_config": [],
            "node_locations": [
              "us-east1-b",
              "us-east1-c",
              "us-east1-d"
            ],
            "node_pool": [],
            "node_pool_defaults": [
              {
                "node_config_defaults": [
                  {
                    "logging_variant": "DEFAULT"
                  }
                ]
              }
            ],
            "node_version": "1.24.10-gke.2300",
            "notification_config": [
              {
                "pubsub": [
                  {
                    "enabled": false,
                    "filter": [],
                    "topic": ""
                  }
                ]
              }
            ],
            "operation": null,
            "private_cluster_config": [
              {
                "enable_private_endpoint": false,
                "enable_private_nodes": false,
                "master_global_access_config": [
                  {
                    "enabled": false
                  }
                ],
                "master_ipv4_cidr_block": "",
                "peering_name": "",
                "private_endpoint": "10.10.0.2",
                "private_endpoint_subnetwork": "",
                "public_endpoint": "34.23.16.191"
              }
            ],
            "private_ipv6_google_access": "",
            "project": "liatrio-takehome1",
            "release_channel": [
              {
                "channel": "REGULAR"
              }
            ],
            "remove_default_node_pool": true,
            "resource_labels": null,
            "resource_usage_export_config": [],
            "self_link": "https://container.googleapis.com/v1/projects/liatrio-takehome1/locations/us-east1/clusters/liatrio-takehome1-gke",
            "service_external_ips_config": [
              {
                "enabled": false
              }
            ],
            "services_ipv4_cidr": "10.71.240.0/20",
            "subnetwork": "projects/liatrio-takehome1/regions/us-east1/subnetworks/liatrio-takehome1-subnet",
            "timeouts": null,
            "tpu_ipv4_cidr_block": "",
            "vertical_pod_autoscaling": [],
            "workload_identity_config": []
          },
          "sensitive_attributes": [],
          "private": "eyJlMmJmYjczMC1lY2FhLTExZTYtOGY4OC0zNDM2M2JjN2M0YzAiOnsiY3JlYXRlIjoyNDAwMDAwMDAwMDAwLCJkZWxldGUiOjI0MDAwMDAwMDAwMDAsInJlYWQiOjI0MDAwMDAwMDAwMDAsInVwZGF0ZSI6MzYwMDAwMDAwMDAwMH0sInNjaGVtYV92ZXJzaW9uIjoiMSJ9",
          "dependencies": [
            "google_compute_network.vpc",
            "google_compute_subnetwork.subnet"
          ]
        }
      ]
    },
    {
      "mode": "managed",
      "type": "google_container_node_pool",
      "name": "primary_nodes",
      "provider": "provider[\"registry.terraform.io/hashicorp/google\"]",
      "instances": [
        {
          "status": "tainted",
          "schema_version": 1,
          "attributes": {
            "autoscaling": [],
            "cluster": "liatrio-takehome1-gke",
            "id": "projects/liatrio-takehome1/locations/us-east1/clusters/liatrio-takehome1-gke/nodePools/liatrio-takehome1-gke",
            "initial_node_count": null,
            "instance_group_urls": null,
            "location": "us-east1",
            "managed_instance_group_urls": null,
            "management": null,
            "max_pods_per_node": null,
            "name": "liatrio-takehome1-gke",
            "name_prefix": null,
            "network_config": null,
            "node_config": [
              {
                "advanced_machine_features": [],
                "boot_disk_kms_key": "",
                "disk_size_gb": 0,
                "disk_type": "",
                "ephemeral_storage_local_ssd_config": [],
                "gcfs_config": [],
                "guest_accelerator": [],
                "gvnic": [],
                "image_type": "",
                "kubelet_config": [],
                "labels": {
                  "env": "liatrio-takehome1"
                },
                "linux_node_config": [],
                "local_nvme_ssd_block_config": [],
                "local_ssd_count": 0,
                "logging_variant": "DEFAULT",
                "machine_type": "n1-standard-1",
                "metadata": {
                  "disable-legacy-endpoints": "true"
                },
                "min_cpu_platform": "",
                "node_group": "",
                "oauth_scopes": [
                  "https://www.googleapis.com/auth/logging.write",
                  "https://www.googleapis.com/auth/monitoring"
                ],
                "preemptible": false,
                "reservation_affinity": [],
                "resource_labels": null,
                "service_account": "",
                "shielded_instance_config": [],
                "spot": false,
                "tags": [
                  "gke-node",
                  "liatrio-takehome1-gke"
                ],
                "taint": [],
                "workload_metadata_config": []
              }
            ],
            "node_count": 2,
            "node_locations": [],
            "operation": null,
            "placement_policy": [],
            "project": null,
            "timeouts": null,
            "upgrade_settings": null,
            "version": null
          },
          "sensitive_attributes": [],
          "private": "eyJlMmJmYjczMC1lY2FhLTExZTYtOGY4OC0zNDM2M2JjN2M0YzAiOnsiY3JlYXRlIjoxODAwMDAwMDAwMDAwLCJkZWxldGUiOjE4MDAwMDAwMDAwMDAsInVwZGF0ZSI6MTgwMDAwMDAwMDAwMH0sInNjaGVtYV92ZXJzaW9uIjoiMSJ9",
          "dependencies": [
            "google_compute_network.vpc",
            "google_compute_subnetwork.subnet",
            "google_container_cluster.primary"
          ]
        }
      ]
    },
    {
      "mode": "managed",
      "type": "google_project_service",
      "name": "project",
      "provider": "provider[\"registry.terraform.io/hashicorp/google\"]",
      "instances": [
        {
          "index_key": "compute.googleapis.com",
          "schema_version": 0,
          "attributes": {
            "disable_dependent_services": true,
            "disable_on_destroy": true,
            "id": "liatrio-takehome1/compute.googleapis.com",
            "project": "liatrio-takehome1",
            "service": "compute.googleapis.com",
            "timeouts": {
              "create": "30m",
              "delete": null,
              "read": null,
              "update": "40m"
            }
          },
          "sensitive_attributes": [],
          "private": "eyJlMmJmYjczMC1lY2FhLTExZTYtOGY4OC0zNDM2M2JjN2M0YzAiOnsiY3JlYXRlIjoxODAwMDAwMDAwMDAwLCJkZWxldGUiOjEyMDAwMDAwMDAwMDAsInJlYWQiOjYwMDAwMDAwMDAwMCwidXBkYXRlIjoyNDAwMDAwMDAwMDAwfX0="
        },
        {
          "index_key": "container.googleapis.com",
          "schema_version": 0,
          "attributes": {
            "disable_dependent_services": true,
            "disable_on_destroy": true,
            "id": "liatrio-takehome1/container.googleapis.com",
            "project": "liatrio-takehome1",
            "service": "container.googleapis.com",
            "timeouts": {
              "create": "30m",
              "delete": null,
              "read": null,
              "update": "40m"
            }
          },
          "sensitive_attributes": [],
          "private": "eyJlMmJmYjczMC1lY2FhLTExZTYtOGY4OC0zNDM2M2JjN2M0YzAiOnsiY3JlYXRlIjoxODAwMDAwMDAwMDAwLCJkZWxldGUiOjEyMDAwMDAwMDAwMDAsInJlYWQiOjYwMDAwMDAwMDAwMCwidXBkYXRlIjoyNDAwMDAwMDAwMDAwfX0="
        }
      ]
    }
  ]
}
